
Microsoft Visual Studio Solution File, Format Version 12.00
# Visual Studio Version 17
VisualStudioVersion = 17.2.32616.157
MinimumVisualStudioVersion = 10.0.40219.1
Project("{FAE04EC0-301F-11D3-BF4B-00C04F79EFBC}") = "Bank Encapsulation", "Bank Encapsulation\Bank Encapsulation.csproj", "{F507D47E-9836-4B90-A244-6DF4D68A0FE4}"
EndProject
Global
	GlobalSection(SolutionConfigurationPlatforms) = preSolution
		Debug|Any CPU = Debug|Any CPU
		Release|Any CPU = Release|Any CPU
	EndGlobalSection
	GlobalSection(ProjectConfigurationPlatforms) = postSolution
		{F507D47E-9836-4B90-A244-6DF4D68A0FE4}.Debug|Any CPU.ActiveCfg = Debug|Any CPU
		{F507D47E-9836-4B90-A244-6DF4D68A0FE4}.Debug|Any CPU.Build.0 = Debug|Any CPU
		{F507D47E-9836-4B90-A244-6DF4D68A0FE4}.Release|Any CPU.ActiveCfg = Release|Any CPU
		{F507D47E-9836-4B90-A244-6DF4D68A0FE4}.Release|Any CPU.Build.0 = Release|Any CPU
	EndGlobalSection
	GlobalSection(SolutionProperties) = preSolution
		HideSolutionNode = FALSE
	EndGlobalSection
	GlobalSection(ExtensibilityGlobals) = postSolution
		SolutionGuid = {4C0BC974-5CF4-4949-9523-B865A5EDFC9E}
	EndGlobalSection
EndGlobal
